
Microsoft Visual Studio Solution File, Format Version 12.00
# Visual Studio Version 17
VisualStudioVersion = 17.6.33801.468
MinimumVisualStudioVersion = 10.0.40219.1
Project("{FAE04EC0-301F-11D3-BF4B-00C04F79EFBC}") = "LabManagerApi", "LabManagerApi\LabManagerApi.csproj", "{BCDDFEAB-EE86-4D12-93FD-CF499F35DDE5}"
EndProject
Project("{FAE04EC0-301F-11D3-BF4B-00C04F79EFBC}") = "Service", "Service\Service.csproj", "{FC629765-9FE8-40FB-8AD7-9138BB24E91C}"
EndProject
Project("{FAE04EC0-301F-11D3-BF4B-00C04F79EFBC}") = "Core", "Core\Core.csproj", "{39FB417D-44EB-42B9-BE72-AD39F8C5FD26}"
EndProject
Project("{FAE04EC0-301F-11D3-BF4B-00C04F79EFBC}") = "LabManagerWeb", "LabManagerWeb\LabManagerWeb.csproj", "{0B9BDAB3-D325-4050-B442-E13EFF4E6AC6}"
EndProject
Project("{FAE04EC0-301F-11D3-BF4B-00C04F79EFBC}") = "Util", "Util\Util.csproj", "{B29A192B-784A-42D1-9598-244894577127}"
EndProject
Global
	GlobalSection(SolutionConfigurationPlatforms) = preSolution
		Debug|Any CPU = Debug|Any CPU
		Release|Any CPU = Release|Any CPU
	EndGlobalSection
	GlobalSection(ProjectConfigurationPlatforms) = postSolution
		{BCDDFEAB-EE86-4D12-93FD-CF499F35DDE5}.Debug|Any CPU.ActiveCfg = Debug|Any CPU
		{BCDDFEAB-EE86-4D12-93FD-CF499F35DDE5}.Debug|Any CPU.Build.0 = Debug|Any CPU
		{BCDDFEAB-EE86-4D12-93FD-CF499F35DDE5}.Release|Any CPU.ActiveCfg = Release|Any CPU
		{BCDDFEAB-EE86-4D12-93FD-CF499F35DDE5}.Release|Any CPU.Build.0 = Release|Any CPU
		{FC629765-9FE8-40FB-8AD7-9138BB24E91C}.Debug|Any CPU.ActiveCfg = Debug|Any CPU
		{FC629765-9FE8-40FB-8AD7-9138BB24E91C}.Debug|Any CPU.Build.0 = Debug|Any CPU
		{FC629765-9FE8-40FB-8AD7-9138BB24E91C}.Release|Any CPU.ActiveCfg = Release|Any CPU
		{FC629765-9FE8-40FB-8AD7-9138BB24E91C}.Release|Any CPU.Build.0 = Release|Any CPU
		{39FB417D-44EB-42B9-BE72-AD39F8C5FD26}.Debug|Any CPU.ActiveCfg = Debug|Any CPU
		{39FB417D-44EB-42B9-BE72-AD39F8C5FD26}.Debug|Any CPU.Build.0 = Debug|Any CPU
		{39FB417D-44EB-42B9-BE72-AD39F8C5FD26}.Release|Any CPU.ActiveCfg = Release|Any CPU
		{39FB417D-44EB-42B9-BE72-AD39F8C5FD26}.Release|Any CPU.Build.0 = Release|Any CPU
		{0B9BDAB3-D325-4050-B442-E13EFF4E6AC6}.Debug|Any CPU.ActiveCfg = Debug|Any CPU
		{0B9BDAB3-D325-4050-B442-E13EFF4E6AC6}.Debug|Any CPU.Build.0 = Debug|Any CPU
		{0B9BDAB3-D325-4050-B442-E13EFF4E6AC6}.Release|Any CPU.ActiveCfg = Release|Any CPU
		{0B9BDAB3-D325-4050-B442-E13EFF4E6AC6}.Release|Any CPU.Build.0 = Release|Any CPU
		{B29A192B-784A-42D1-9598-244894577127}.Debug|Any CPU.ActiveCfg = Debug|Any CPU
		{B29A192B-784A-42D1-9598-244894577127}.Debug|Any CPU.Build.0 = Debug|Any CPU
		{B29A192B-784A-42D1-9598-244894577127}.Release|Any CPU.ActiveCfg = Release|Any CPU
		{B29A192B-784A-42D1-9598-244894577127}.Release|Any CPU.Build.0 = Release|Any CPU
	EndGlobalSection
	GlobalSection(SolutionProperties) = preSolution
		HideSolutionNode = FALSE
	EndGlobalSection
	GlobalSection(ExtensibilityGlobals) = postSolution
		SolutionGuid = {1B148DD9-92F0-4775-B8F6-A743ECA23B09}
	EndGlobalSection
EndGlobal
